
Microsoft Visual Studio Solution File, Format Version 12.00
# Visual Studio Version 17
VisualStudioVersion = 17.6.33712.159
MinimumVisualStudioVersion = 10.0.40219.1
Project("{FAE04EC0-301F-11D3-BF4B-00C04F79EFBC}") = "NeuralNet.Tuner", "NeuralNet.Tuner\NeuralNet.Tuner.csproj", "{939FB2C5-3A33-4BB2-B3BF-DB4AC920CF86}"
EndProject
Global
	GlobalSection(SolutionConfigurationPlatforms) = preSolution
		Debug|Any CPU = Debug|Any CPU
		Release|Any CPU = Release|Any CPU
	EndGlobalSection
	GlobalSection(ProjectConfigurationPlatforms) = postSolution
		{939FB2C5-3A33-4BB2-B3BF-DB4AC920CF86}.Debug|Any CPU.ActiveCfg = Debug|Any CPU
		{939FB2C5-3A33-4BB2-B3BF-DB4AC920CF86}.Debug|Any CPU.Build.0 = Debug|Any CPU
		{939FB2C5-3A33-4BB2-B3BF-DB4AC920CF86}.Release|Any CPU.ActiveCfg = Release|Any CPU
		{939FB2C5-3A33-4BB2-B3BF-DB4AC920CF86}.Release|Any CPU.Build.0 = Release|Any CPU
	EndGlobalSection
	GlobalSection(SolutionProperties) = preSolution
		HideSolutionNode = FALSE
	EndGlobalSection
	GlobalSection(ExtensibilityGlobals) = postSolution
		SolutionGuid = {68C2A9E7-5902-45B6-B9A3-CC4A22950704}
	EndGlobalSection
EndGlobal
